Microsoft Visual Studio Solution File, Format Version 12.00
# Visual Studio Version 17
VisualStudioVersion = 17.0.31717.71
MinimumVisualStudioVersion = 10.0.40219.1
Project("{9A19103F-16F7-4668-BE54-9A1E7A4F7556}") = "MySupperShop", "MySupperShop\MySupperShop.csproj", "{7E5FA954-80AD-4F79-978B-F0466B67624A}"
EndProject
Project("{9A19103F-16F7-4668-BE54-9A1E7A4F7556}") = "MyShopBackend", "MyShopBackend\MyShopBackend.csproj", "{BBA65B4F-1432-48F8-82C9-3857F6120071}"
EndProject
Project("{9A19103F-16F7-4668-BE54-9A1E7A4F7556}") = "MySupperShopHttpApiClient", "MySupperShopHttpApiClient\MySupperShopHttpApiClient.csproj", "{598283F5-130E-4618-8CE2-27BA734A3FF1}"
EndProject
Global
	GlobalSection(SolutionConfigurationPlatforms) = preSolution
		Debug|Any CPU = Debug|Any CPU
		Release|Any CPU = Release|Any CPU
	EndGlobalSection
	GlobalSection(ProjectConfigurationPlatforms) = postSolution
		{7E5FA954-80AD-4F79-978B-F0466B67624A}.Debug|Any CPU.ActiveCfg = Debug|Any CPU
		{7E5FA954-80AD-4F79-978B-F0466B67624A}.Debug|Any CPU.Build.0 = Debug|Any CPU
		{7E5FA954-80AD-4F79-978B-F0466B67624A}.Release|Any CPU.ActiveCfg = Release|Any CPU
		{7E5FA954-80AD-4F79-978B-F0466B67624A}.Release|Any CPU.Build.0 = Release|Any CPU
		{BBA65B4F-1432-48F8-82C9-3857F6120071}.Debug|Any CPU.ActiveCfg = Debug|Any CPU
		{BBA65B4F-1432-48F8-82C9-3857F6120071}.Debug|Any CPU.Build.0 = Debug|Any CPU
		{BBA65B4F-1432-48F8-82C9-3857F6120071}.Release|Any CPU.ActiveCfg = Release|Any CPU
		{BBA65B4F-1432-48F8-82C9-3857F6120071}.Release|Any CPU.Build.0 = Release|Any CPU
		{598283F5-130E-4618-8CE2-27BA734A3FF1}.Debug|Any CPU.ActiveCfg = Debug|Any CPU
		{598283F5-130E-4618-8CE2-27BA734A3FF1}.Debug|Any CPU.Build.0 = Debug|Any CPU
		{598283F5-130E-4618-8CE2-27BA734A3FF1}.Release|Any CPU.ActiveCfg = Release|Any CPU
		{598283F5-130E-4618-8CE2-27BA734A3FF1}.Release|Any CPU.Build.0 = Release|Any CPU
	EndGlobalSection
	GlobalSection(SolutionProperties) = preSolution
		HideSolutionNode = FALSE
	EndGlobalSection
	GlobalSection(ExtensibilityGlobals) = postSolution
		SolutionGuid = {813FB117-65F2-405C-B3F3-DCF5F9146055}
	EndGlobalSection
EndGlobal
